
Microsoft Visual Studio Solution File, Format Version 12.00
# Visual Studio Version 16
VisualStudioVersion = 16.0.30524.135
MinimumVisualStudioVersion = 15.0.26124.0
Project("{9A19103F-16F7-4668-BE54-9A1E7A4F7556}") = "Contador.Core", "Contador.Core\Core\Contador.Core.csproj", "{9D10DF47-46FF-461C-9FEE-4A84A2E13DB1}"
EndProject
Project("{9A19103F-16F7-4668-BE54-9A1E7A4F7556}") = "Contador.DAL.MySQL", "Contador.DAL\MySQL\Contador.DAL.MySQL.csproj", "{719C79BE-1E47-475E-949B-107F4AD18A74}"
EndProject
Project("{2150E333-8FDC-42A3-9474-1A3956D46DE8}") = "Solution Items", "Solution Items", "{A7B476DB-5B77-43F6-885B-981A2581B833}"
	ProjectSection(SolutionItems) = preProject
		.editorconfig = .editorconfig
	EndProjectSection
EndProject
Project("{FAE04EC0-301F-11D3-BF4B-00C04F79EFBC}") = "Contador.Mobile.Android", "Contador.Mobile\Contador.Mobile.Android\Contador.Mobile.Android.csproj", "{0F757BB2-7982-494E-95A7-09311687B5B5}"
EndProject
Project("{9A19103F-16F7-4668-BE54-9A1E7A4F7556}") = "Contador.Mobile", "Contador.Mobile\Contador.Mobile\Contador.Mobile.csproj", "{0A4DA939-8AF5-4A46-8961-4DC25DCEDC6A}"
EndProject
Project("{9A19103F-16F7-4668-BE54-9A1E7A4F7556}") = "Contador.Web.Server", "Contador.Web\Server\Contador.Web.Server.csproj", "{1917B865-27CB-4510-A3B1-CA16754FEADF}"
EndProject
Project("{9A19103F-16F7-4668-BE54-9A1E7A4F7556}") = "Contador.Web.Client", "Contador.Web\Client\Contador.Web.Client.csproj", "{661F2DCB-8121-4EA9-92C7-457078BB685B}"
EndProject
Project("{9A19103F-16F7-4668-BE54-9A1E7A4F7556}") = "Contador.Core.Tests", "Contador.Core\Tests\Contador.Core.Tests.csproj", "{AF0CF47D-138C-4348-9D44-D285D124725C}"
EndProject
Project("{9A19103F-16F7-4668-BE54-9A1E7A4F7556}") = "Contador.Web.Server.Tests", "Contador.Web\Server.Tests\Contador.Web.Server.Tests.csproj", "{B4E2893E-2519-4B71-BFCB-A1FECA373796}"
EndProject
Project("{00D1A9C2-B5F0-4AF3-8072-F6C62B433612}") = "Contador.Web.Db", "Contador.Web\Database\Contador.Web.Db.sqlproj", "{F9FB6992-6D37-49E3-B7E3-D20A85F14922}"
EndProject
Project("{9A19103F-16F7-4668-BE54-9A1E7A4F7556}") = "Contador.Core.Abstractions", "Contador.Core\Abstractions\Contador.Core.Abstractions.csproj", "{F5169683-71C0-41E4-94D4-A5501C63BD62}"
EndProject
Project("{9A19103F-16F7-4668-BE54-9A1E7A4F7556}") = "Contador", "Contador\Contador\Contador.csproj", "{5435F825-634D-404E-BD11-8F471722FFB3}"
EndProject
Project("{9A19103F-16F7-4668-BE54-9A1E7A4F7556}") = "Contador.Abstractions", "Contador\Abstractions\Contador.Abstractions.csproj", "{93955773-C674-44FC-9C8D-52B48BF09866}"
EndProject
Project("{9A19103F-16F7-4668-BE54-9A1E7A4F7556}") = "Contador.DAL.Abstractions", "Contador.DAL\Abstractions\Contador.DAL.Abstractions.csproj", "{D83CD97D-E599-42B2-92A9-9384E4ADC46A}"
EndProject
Project("{9A19103F-16F7-4668-BE54-9A1E7A4F7556}") = "Contador.Tests", "Contador\Tests\Contador.Tests.csproj", "{33D5390F-3BC7-4AE0-B979-EA94CCB32EB7}"
EndProject
Project("{9A19103F-16F7-4668-BE54-9A1E7A4F7556}") = "Contador.DAL.SQLite", "Contador.DAL\SQLite\Contador.DAL.SQLite.csproj", "{FDAAD4DE-1F49-41A1-A177-E24C4FC34A51}"
EndProject
Global
	GlobalSection(SolutionConfigurationPlatforms) = preSolution
		Debug|Any CPU = Debug|Any CPU
		Debug|x64 = Debug|x64
		Debug|x86 = Debug|x86
		Release|Any CPU = Release|Any CPU
		Release|x64 = Release|x64
		Release|x86 = Release|x86
	EndGlobalSection
	GlobalSection(ProjectConfigurationPlatforms) = postSolution
		{9D10DF47-46FF-461C-9FEE-4A84A2E13DB1}.Debug|Any CPU.ActiveCfg = Debug|Any CPU
		{9D10DF47-46FF-461C-9FEE-4A84A2E13DB1}.Debug|Any CPU.Build.0 = Debug|Any CPU
		{9D10DF47-46FF-461C-9FEE-4A84A2E13DB1}.Debug|x64.ActiveCfg = Debug|Any CPU
		{9D10DF47-46FF-461C-9FEE-4A84A2E13DB1}.Debug|x64.Build.0 = Debug|Any CPU
		{9D10DF47-46FF-461C-9FEE-4A84A2E13DB1}.Debug|x86.ActiveCfg = Debug|Any CPU
		{9D10DF47-46FF-461C-9FEE-4A84A2E13DB1}.Debug|x86.Build.0 = Debug|Any CPU
		{9D10DF47-46FF-461C-9FEE-4A84A2E13DB1}.Release|Any CPU.ActiveCfg = Release|Any CPU
		{9D10DF47-46FF-461C-9FEE-4A84A2E13DB1}.Release|Any CPU.Build.0 = Release|Any CPU
		{9D10DF47-46FF-461C-9FEE-4A84A2E13DB1}.Release|x64.ActiveCfg = Release|Any CPU
		{9D10DF47-46FF-461C-9FEE-4A84A2E13DB1}.Release|x64.Build.0 = Release|Any CPU
		{9D10DF47-46FF-461C-9FEE-4A84A2E13DB1}.Release|x86.ActiveCfg = Release|Any CPU
		{9D10DF47-46FF-461C-9FEE-4A84A2E13DB1}.Release|x86.Build.0 = Release|Any CPU
		{719C79BE-1E47-475E-949B-107F4AD18A74}.Debug|Any CPU.ActiveCfg = Debug|Any CPU
		{719C79BE-1E47-475E-949B-107F4AD18A74}.Debug|Any CPU.Build.0 = Debug|Any CPU
		{719C79BE-1E47-475E-949B-107F4AD18A74}.Debug|x64.ActiveCfg = Debug|Any CPU
		{719C79BE-1E47-475E-949B-107F4AD18A74}.Debug|x64.Build.0 = Debug|Any CPU
		{719C79BE-1E47-475E-949B-107F4AD18A74}.Debug|x86.ActiveCfg = Debug|Any CPU
		{719C79BE-1E47-475E-949B-107F4AD18A74}.Debug|x86.Build.0 = Debug|Any CPU
		{719C79BE-1E47-475E-949B-107F4AD18A74}.Release|Any CPU.ActiveCfg = Release|Any CPU
		{719C79BE-1E47-475E-949B-107F4AD18A74}.Release|Any CPU.Build.0 = Release|Any CPU
		{719C79BE-1E47-475E-949B-107F4AD18A74}.Release|x64.ActiveCfg = Release|Any CPU
		{719C79BE-1E47-475E-949B-107F4AD18A74}.Release|x64.Build.0 = Release|Any CPU
		{719C79BE-1E47-475E-949B-107F4AD18A74}.Release|x86.ActiveCfg = Release|Any CPU
		{719C79BE-1E47-475E-949B-107F4AD18A74}.Release|x86.Build.0 = Release|Any CPU
		{0F757BB2-7982-494E-95A7-09311687B5B5}.Debug|Any CPU.ActiveCfg = Debug|Any CPU
		{0F757BB2-7982-494E-95A7-09311687B5B5}.Debug|Any CPU.Build.0 = Debug|Any CPU
		{0F757BB2-7982-494E-95A7-09311687B5B5}.Debug|Any CPU.Deploy.0 = Debug|Any CPU
		{0F757BB2-7982-494E-95A7-09311687B5B5}.Debug|x64.ActiveCfg = Debug|Any CPU
		{0F757BB2-7982-494E-95A7-09311687B5B5}.Debug|x64.Build.0 = Debug|Any CPU
		{0F757BB2-7982-494E-95A7-09311687B5B5}.Debug|x64.Deploy.0 = Debug|Any CPU
		{0F757BB2-7982-494E-95A7-09311687B5B5}.Debug|x86.ActiveCfg = Debug|Any CPU
		{0F757BB2-7982-494E-95A7-09311687B5B5}.Debug|x86.Build.0 = Debug|Any CPU
		{0F757BB2-7982-494E-95A7-09311687B5B5}.Debug|x86.Deploy.0 = Debug|Any CPU
		{0F757BB2-7982-494E-95A7-09311687B5B5}.Release|Any CPU.ActiveCfg = Release|Any CPU
		{0F757BB2-7982-494E-95A7-09311687B5B5}.Release|Any CPU.Build.0 = Release|Any CPU
		{0F757BB2-7982-494E-95A7-09311687B5B5}.Release|Any CPU.Deploy.0 = Release|Any CPU
		{0F757BB2-7982-494E-95A7-09311687B5B5}.Release|x64.ActiveCfg = Release|Any CPU
		{0F757BB2-7982-494E-95A7-09311687B5B5}.Release|x64.Build.0 = Release|Any CPU
		{0F757BB2-7982-494E-95A7-09311687B5B5}.Release|x64.Deploy.0 = Release|Any CPU
		{0F757BB2-7982-494E-95A7-09311687B5B5}.Release|x86.ActiveCfg = Release|Any CPU
		{0F757BB2-7982-494E-95A7-09311687B5B5}.Release|x86.Build.0 = Release|Any CPU
		{0F757BB2-7982-494E-95A7-09311687B5B5}.Release|x86.Deploy.0 = Release|Any CPU
		{0A4DA939-8AF5-4A46-8961-4DC25DCEDC6A}.Debug|Any CPU.ActiveCfg = Debug|Any CPU
		{0A4DA939-8AF5-4A46-8961-4DC25DCEDC6A}.Debug|Any CPU.Build.0 = Debug|Any CPU
		{0A4DA939-8AF5-4A46-8961-4DC25DCEDC6A}.Debug|x64.ActiveCfg = Debug|Any CPU
		{0A4DA939-8AF5-4A46-8961-4DC25DCEDC6A}.Debug|x64.Build.0 = Debug|Any CPU
		{0A4DA939-8AF5-4A46-8961-4DC25DCEDC6A}.Debug|x86.ActiveCfg = Debug|Any CPU
		{0A4DA939-8AF5-4A46-8961-4DC25DCEDC6A}.Debug|x86.Build.0 = Debug|Any CPU
		{0A4DA939-8AF5-4A46-8961-4DC25DCEDC6A}.Release|Any CPU.ActiveCfg = Release|Any CPU
		{0A4DA939-8AF5-4A46-8961-4DC25DCEDC6A}.Release|Any CPU.Build.0 = Release|Any CPU
		{0A4DA939-8AF5-4A46-8961-4DC25DCEDC6A}.Release|x64.ActiveCfg = Release|Any CPU
		{0A4DA939-8AF5-4A46-8961-4DC25DCEDC6A}.Release|x64.Build.0 = Release|Any CPU
		{0A4DA939-8AF5-4A46-8961-4DC25DCEDC6A}.Release|x86.ActiveCfg = Release|Any CPU
		{0A4DA939-8AF5-4A46-8961-4DC25DCEDC6A}.Release|x86.Build.0 = Release|Any CPU
		{1917B865-27CB-4510-A3B1-CA16754FEADF}.Debug|Any CPU.ActiveCfg = Debug|Any CPU
		{1917B865-27CB-4510-A3B1-CA16754FEADF}.Debug|Any CPU.Build.0 = Debug|Any CPU
		{1917B865-27CB-4510-A3B1-CA16754FEADF}.Debug|x64.ActiveCfg = Debug|Any CPU
		{1917B865-27CB-4510-A3B1-CA16754FEADF}.Debug|x64.Build.0 = Debug|Any CPU
		{1917B865-27CB-4510-A3B1-CA16754FEADF}.Debug|x86.ActiveCfg = Debug|Any CPU
		{1917B865-27CB-4510-A3B1-CA16754FEADF}.Debug|x86.Build.0 = Debug|Any CPU
		{1917B865-27CB-4510-A3B1-CA16754FEADF}.Release|Any CPU.ActiveCfg = Release|Any CPU
		{1917B865-27CB-4510-A3B1-CA16754FEADF}.Release|Any CPU.Build.0 = Release|Any CPU
		{1917B865-27CB-4510-A3B1-CA16754FEADF}.Release|x64.ActiveCfg = Release|Any CPU
		{1917B865-27CB-4510-A3B1-CA16754FEADF}.Release|x64.Build.0 = Release|Any CPU
		{1917B865-27CB-4510-A3B1-CA16754FEADF}.Release|x86.ActiveCfg = Release|Any CPU
		{1917B865-27CB-4510-A3B1-CA16754FEADF}.Release|x86.Build.0 = Release|Any CPU
		{661F2DCB-8121-4EA9-92C7-457078BB685B}.Debug|Any CPU.ActiveCfg = Debug|Any CPU
		{661F2DCB-8121-4EA9-92C7-457078BB685B}.Debug|Any CPU.Build.0 = Debug|Any CPU
		{661F2DCB-8121-4EA9-92C7-457078BB685B}.Debug|x64.ActiveCfg = Debug|Any CPU
		{661F2DCB-8121-4EA9-92C7-457078BB685B}.Debug|x64.Build.0 = Debug|Any CPU
		{661F2DCB-8121-4EA9-92C7-457078BB685B}.Debug|x86.ActiveCfg = Debug|Any CPU
		{661F2DCB-8121-4EA9-92C7-457078BB685B}.Debug|x86.Build.0 = Debug|Any CPU
		{661F2DCB-8121-4EA9-92C7-457078BB685B}.Release|Any CPU.ActiveCfg = Release|Any CPU
		{661F2DCB-8121-4EA9-92C7-457078BB685B}.Release|Any CPU.Build.0 = Release|Any CPU
		{661F2DCB-8121-4EA9-92C7-457078BB685B}.Release|x64.ActiveCfg = Release|Any CPU
		{661F2DCB-8121-4EA9-92C7-457078BB685B}.Release|x64.Build.0 = Release|Any CPU
		{661F2DCB-8121-4EA9-92C7-457078BB685B}.Release|x86.ActiveCfg = Release|Any CPU
		{661F2DCB-8121-4EA9-92C7-457078BB685B}.Release|x86.Build.0 = Release|Any CPU
		{AF0CF47D-138C-4348-9D44-D285D124725C}.Debug|Any CPU.ActiveCfg = Debug|Any CPU
		{AF0CF47D-138C-4348-9D44-D285D124725C}.Debug|Any CPU.Build.0 = Debug|Any CPU
		{AF0CF47D-138C-4348-9D44-D285D124725C}.Debug|x64.ActiveCfg = Debug|Any CPU
		{AF0CF47D-138C-4348-9D44-D285D124725C}.Debug|x64.Build.0 = Debug|Any CPU
		{AF0CF47D-138C-4348-9D44-D285D124725C}.Debug|x86.ActiveCfg = Debug|Any CPU
		{AF0CF47D-138C-4348-9D44-D285D124725C}.Debug|x86.Build.0 = Debug|Any CPU
		{AF0CF47D-138C-4348-9D44-D285D124725C}.Release|Any CPU.ActiveCfg = Release|Any CPU
		{AF0CF47D-138C-4348-9D44-D285D124725C}.Release|Any CPU.Build.0 = Release|Any CPU
		{AF0CF47D-138C-4348-9D44-D285D124725C}.Release|x64.ActiveCfg = Release|Any CPU
		{AF0CF47D-138C-4348-9D44-D285D124725C}.Release|x64.Build.0 = Release|Any CPU
		{AF0CF47D-138C-4348-9D44-D285D124725C}.Release|x86.ActiveCfg = Release|Any CPU
		{AF0CF47D-138C-4348-9D44-D285D124725C}.Release|x86.Build.0 = Release|Any CPU
		{B4E2893E-2519-4B71-BFCB-A1FECA373796}.Debug|Any CPU.ActiveCfg = Debug|Any CPU
		{B4E2893E-2519-4B71-BFCB-A1FECA373796}.Debug|Any CPU.Build.0 = Debug|Any CPU
		{B4E2893E-2519-4B71-BFCB-A1FECA373796}.Debug|x64.ActiveCfg = Debug|Any CPU
		{B4E2893E-2519-4B71-BFCB-A1FECA373796}.Debug|x64.Build.0 = Debug|Any CPU
		{B4E2893E-2519-4B71-BFCB-A1FECA373796}.Debug|x86.ActiveCfg = Debug|Any CPU
		{B4E2893E-2519-4B71-BFCB-A1FECA373796}.Debug|x86.Build.0 = Debug|Any CPU
		{B4E2893E-2519-4B71-BFCB-A1FECA373796}.Release|Any CPU.ActiveCfg = Release|Any CPU
		{B4E2893E-2519-4B71-BFCB-A1FECA373796}.Release|Any CPU.Build.0 = Release|Any CPU
		{B4E2893E-2519-4B71-BFCB-A1FECA373796}.Release|x64.ActiveCfg = Release|Any CPU
		{B4E2893E-2519-4B71-BFCB-A1FECA373796}.Release|x64.Build.0 = Release|Any CPU
		{B4E2893E-2519-4B71-BFCB-A1FECA373796}.Release|x86.ActiveCfg = Release|Any CPU
		{B4E2893E-2519-4B71-BFCB-A1FECA373796}.Release|x86.Build.0 = Release|Any CPU
		{F9FB6992-6D37-49E3-B7E3-D20A85F14922}.Debug|Any CPU.ActiveCfg = Debug|Any CPU
		{F9FB6992-6D37-49E3-B7E3-D20A85F14922}.Debug|Any CPU.Deploy.0 = Debug|Any CPU
		{F9FB6992-6D37-49E3-B7E3-D20A85F14922}.Debug|x64.ActiveCfg = Debug|Any CPU
		{F9FB6992-6D37-49E3-B7E3-D20A85F14922}.Debug|x64.Build.0 = Debug|Any CPU
		{F9FB6992-6D37-49E3-B7E3-D20A85F14922}.Debug|x64.Deploy.0 = Debug|Any CPU
		{F9FB6992-6D37-49E3-B7E3-D20A85F14922}.Debug|x86.ActiveCfg = Debug|Any CPU
		{F9FB6992-6D37-49E3-B7E3-D20A85F14922}.Debug|x86.Build.0 = Debug|Any CPU
		{F9FB6992-6D37-49E3-B7E3-D20A85F14922}.Debug|x86.Deploy.0 = Debug|Any CPU
		{F9FB6992-6D37-49E3-B7E3-D20A85F14922}.Release|Any CPU.ActiveCfg = Release|Any CPU
		{F9FB6992-6D37-49E3-B7E3-D20A85F14922}.Release|Any CPU.Deploy.0 = Release|Any CPU
		{F9FB6992-6D37-49E3-B7E3-D20A85F14922}.Release|x64.ActiveCfg = Release|Any CPU
		{F9FB6992-6D37-49E3-B7E3-D20A85F14922}.Release|x64.Build.0 = Release|Any CPU
		{F9FB6992-6D37-49E3-B7E3-D20A85F14922}.Release|x64.Deploy.0 = Release|Any CPU
		{F9FB6992-6D37-49E3-B7E3-D20A85F14922}.Release|x86.ActiveCfg = Release|Any CPU
		{F9FB6992-6D37-49E3-B7E3-D20A85F14922}.Release|x86.Build.0 = Release|Any CPU
		{F9FB6992-6D37-49E3-B7E3-D20A85F14922}.Release|x86.Deploy.0 = Release|Any CPU
		{F5169683-71C0-41E4-94D4-A5501C63BD62}.Debug|Any CPU.ActiveCfg = Debug|Any CPU
		{F5169683-71C0-41E4-94D4-A5501C63BD62}.Debug|Any CPU.Build.0 = Debug|Any CPU
		{F5169683-71C0-41E4-94D4-A5501C63BD62}.Debug|x64.ActiveCfg = Debug|Any CPU
		{F5169683-71C0-41E4-94D4-A5501C63BD62}.Debug|x64.Build.0 = Debug|Any CPU
		{F5169683-71C0-41E4-94D4-A5501C63BD62}.Debug|x86.ActiveCfg = Debug|Any CPU
		{F5169683-71C0-41E4-94D4-A5501C63BD62}.Debug|x86.Build.0 = Debug|Any CPU
		{F5169683-71C0-41E4-94D4-A5501C63BD62}.Release|Any CPU.ActiveCfg = Release|Any CPU
		{F5169683-71C0-41E4-94D4-A5501C63BD62}.Release|Any CPU.Build.0 = Release|Any CPU
		{F5169683-71C0-41E4-94D4-A5501C63BD62}.Release|x64.ActiveCfg = Release|Any CPU
		{F5169683-71C0-41E4-94D4-A5501C63BD62}.Release|x64.Build.0 = Release|Any CPU
		{F5169683-71C0-41E4-94D4-A5501C63BD62}.Release|x86.ActiveCfg = Release|Any CPU
		{F5169683-71C0-41E4-94D4-A5501C63BD62}.Release|x86.Build.0 = Release|Any CPU
		{5435F825-634D-404E-BD11-8F471722FFB3}.Debug|Any CPU.ActiveCfg = Debug|Any CPU
		{5435F825-634D-404E-BD11-8F471722FFB3}.Debug|Any CPU.Build.0 = Debug|Any CPU
		{5435F825-634D-404E-BD11-8F471722FFB3}.Debug|x64.ActiveCfg = Debug|Any CPU
		{5435F825-634D-404E-BD11-8F471722FFB3}.Debug|x64.Build.0 = Debug|Any CPU
		{5435F825-634D-404E-BD11-8F471722FFB3}.Debug|x86.ActiveCfg = Debug|Any CPU
		{5435F825-634D-404E-BD11-8F471722FFB3}.Debug|x86.Build.0 = Debug|Any CPU
		{5435F825-634D-404E-BD11-8F471722FFB3}.Release|Any CPU.ActiveCfg = Release|Any CPU
		{5435F825-634D-404E-BD11-8F471722FFB3}.Release|Any CPU.Build.0 = Release|Any CPU
		{5435F825-634D-404E-BD11-8F471722FFB3}.Release|x64.ActiveCfg = Release|Any CPU
		{5435F825-634D-404E-BD11-8F471722FFB3}.Release|x64.Build.0 = Release|Any CPU
		{5435F825-634D-404E-BD11-8F471722FFB3}.Release|x86.ActiveCfg = Release|Any CPU
		{5435F825-634D-404E-BD11-8F471722FFB3}.Release|x86.Build.0 = Release|Any CPU
		{93955773-C674-44FC-9C8D-52B48BF09866}.Debug|Any CPU.ActiveCfg = Debug|Any CPU
		{93955773-C674-44FC-9C8D-52B48BF09866}.Debug|Any CPU.Build.0 = Debug|Any CPU
		{93955773-C674-44FC-9C8D-52B48BF09866}.Debug|x64.ActiveCfg = Debug|Any CPU
		{93955773-C674-44FC-9C8D-52B48BF09866}.Debug|x64.Build.0 = Debug|Any CPU
		{93955773-C674-44FC-9C8D-52B48BF09866}.Debug|x86.ActiveCfg = Debug|Any CPU
		{93955773-C674-44FC-9C8D-52B48BF09866}.Debug|x86.Build.0 = Debug|Any CPU
		{93955773-C674-44FC-9C8D-52B48BF09866}.Release|Any CPU.ActiveCfg = Release|Any CPU
		{93955773-C674-44FC-9C8D-52B48BF09866}.Release|Any CPU.Build.0 = Release|Any CPU
		{93955773-C674-44FC-9C8D-52B48BF09866}.Release|x64.ActiveCfg = Release|Any CPU
		{93955773-C674-44FC-9C8D-52B48BF09866}.Release|x64.Build.0 = Release|Any CPU
		{93955773-C674-44FC-9C8D-52B48BF09866}.Release|x86.ActiveCfg = Release|Any CPU
		{93955773-C674-44FC-9C8D-52B48BF09866}.Release|x86.Build.0 = Release|Any CPU
		{D83CD97D-E599-42B2-92A9-9384E4ADC46A}.Debug|Any CPU.ActiveCfg = Debug|Any CPU
		{D83CD97D-E599-42B2-92A9-9384E4ADC46A}.Debug|Any CPU.Build.0 = Debug|Any CPU
		{D83CD97D-E599-42B2-92A9-9384E4ADC46A}.Debug|x64.ActiveCfg = Debug|Any CPU
		{D83CD97D-E599-42B2-92A9-9384E4ADC46A}.Debug|x64.Build.0 = Debug|Any CPU
		{D83CD97D-E599-42B2-92A9-9384E4ADC46A}.Debug|x86.ActiveCfg = Debug|Any CPU
		{D83CD97D-E599-42B2-92A9-9384E4ADC46A}.Debug|x86.Build.0 = Debug|Any CPU
		{D83CD97D-E599-42B2-92A9-9384E4ADC46A}.Release|Any CPU.ActiveCfg = Release|Any CPU
		{D83CD97D-E599-42B2-92A9-9384E4ADC46A}.Release|Any CPU.Build.0 = Release|Any CPU
		{D83CD97D-E599-42B2-92A9-9384E4ADC46A}.Release|x64.ActiveCfg = Release|Any CPU
		{D83CD97D-E599-42B2-92A9-9384E4ADC46A}.Release|x64.Build.0 = Release|Any CPU
		{D83CD97D-E599-42B2-92A9-9384E4ADC46A}.Release|x86.ActiveCfg = Release|Any CPU
		{D83CD97D-E599-42B2-92A9-9384E4ADC46A}.Release|x86.Build.0 = Release|Any CPU
		{33D5390F-3BC7-4AE0-B979-EA94CCB32EB7}.Debug|Any CPU.ActiveCfg = Debug|Any CPU
		{33D5390F-3BC7-4AE0-B979-EA94CCB32EB7}.Debug|Any CPU.Build.0 = Debug|Any CPU
		{33D5390F-3BC7-4AE0-B979-EA94CCB32EB7}.Debug|x64.ActiveCfg = Debug|Any CPU
		{33D5390F-3BC7-4AE0-B979-EA94CCB32EB7}.Debug|x64.Build.0 = Debug|Any CPU
		{33D5390F-3BC7-4AE0-B979-EA94CCB32EB7}.Debug|x86.ActiveCfg = Debug|Any CPU
		{33D5390F-3BC7-4AE0-B979-EA94CCB32EB7}.Debug|x86.Build.0 = Debug|Any CPU
		{33D5390F-3BC7-4AE0-B979-EA94CCB32EB7}.Release|Any CPU.ActiveCfg = Release|Any CPU
		{33D5390F-3BC7-4AE0-B979-EA94CCB32EB7}.Release|Any CPU.Build.0 = Release|Any CPU
		{33D5390F-3BC7-4AE0-B979-EA94CCB32EB7}.Release|x64.ActiveCfg = Release|Any CPU
		{33D5390F-3BC7-4AE0-B979-EA94CCB32EB7}.Release|x64.Build.0 = Release|Any CPU
		{33D5390F-3BC7-4AE0-B979-EA94CCB32EB7}.Release|x86.ActiveCfg = Release|Any CPU
		{33D5390F-3BC7-4AE0-B979-EA94CCB32EB7}.Release|x86.Build.0 = Release|Any CPU
		{FDAAD4DE-1F49-41A1-A177-E24C4FC34A51}.Debug|Any CPU.ActiveCfg = Debug|Any CPU
		{FDAAD4DE-1F49-41A1-A177-E24C4FC34A51}.Debug|Any CPU.Build.0 = Debug|Any CPU
		{FDAAD4DE-1F49-41A1-A177-E24C4FC34A51}.Debug|x64.ActiveCfg = Debug|Any CPU
		{FDAAD4DE-1F49-41A1-A177-E24C4FC34A51}.Debug|x64.Build.0 = Debug|Any CPU
		{FDAAD4DE-1F49-41A1-A177-E24C4FC34A51}.Debug|x86.ActiveCfg = Debug|Any CPU
		{FDAAD4DE-1F49-41A1-A177-E24C4FC34A51}.Debug|x86.Build.0 = Debug|Any CPU
		{FDAAD4DE-1F49-41A1-A177-E24C4FC34A51}.Release|Any CPU.ActiveCfg = Release|Any CPU
		{FDAAD4DE-1F49-41A1-A177-E24C4FC34A51}.Release|Any CPU.Build.0 = Release|Any CPU
		{FDAAD4DE-1F49-41A1-A177-E24C4FC34A51}.Release|x64.ActiveCfg = Release|Any CPU
		{FDAAD4DE-1F49-41A1-A177-E24C4FC34A51}.Release|x64.Build.0 = Release|Any CPU
		{FDAAD4DE-1F49-41A1-A177-E24C4FC34A51}.Release|x86.ActiveCfg = Release|Any CPU
		{FDAAD4DE-1F49-41A1-A177-E24C4FC34A51}.Release|x86.Build.0 = Release|Any CPU
	EndGlobalSection
	GlobalSection(SolutionProperties) = preSolution
		HideSolutionNode = FALSE
	EndGlobalSection
	GlobalSection(NestedProjects) = preSolution
		{FDAAD4DE-1F49-41A1-A177-E24C4FC34A51} = {755CE63B-2415-4B87-8AE2-60A9141E2F90}
	EndGlobalSection
	GlobalSection(ExtensibilityGlobals) = postSolution
		SolutionGuid = {22DC46F9-8FE9-418C-8537-6B95EBF9BDB3}
	EndGlobalSection
EndGlobal
